
Microsoft Visual Studio Solution File, Format Version 12.00
# Visual Studio 2013
VisualStudioVersion = 12.0.40629.0
MinimumVisualStudioVersion = 10.0.40219.1
Project("{FAE04EC0-301F-11D3-BF4B-00C04F79EFBC}") = "UmbracoFeed", "UmbracoFeed\UmbracoFeed.csproj", "{C424F616-F999-4B83-894A-54316383D9E8}"
EndProject
Project("{FAE04EC0-301F-11D3-BF4B-00C04F79EFBC}") = "UmbracoFeed.Tests", "UmbracoFeed.Tests\UmbracoFeed.Tests.csproj", "{B759911D-A00F-4ED2-B101-A06F7429170B}"
EndProject
Global
	GlobalSection(SolutionConfigurationPlatforms) = preSolution
		Debug|Any CPU = Debug|Any CPU
		Release|Any CPU = Release|Any CPU
	EndGlobalSection
	GlobalSection(ProjectConfigurationPlatforms) = postSolution
		{C424F616-F999-4B83-894A-54316383D9E8}.Debug|Any CPU.ActiveCfg = Debug|Any CPU
		{C424F616-F999-4B83-894A-54316383D9E8}.Debug|Any CPU.Build.0 = Debug|Any CPU
		{C424F616-F999-4B83-894A-54316383D9E8}.Release|Any CPU.ActiveCfg = Release|Any CPU
		{C424F616-F999-4B83-894A-54316383D9E8}.Release|Any CPU.Build.0 = Release|Any CPU
		{B759911D-A00F-4ED2-B101-A06F7429170B}.Debug|Any CPU.ActiveCfg = Debug|Any CPU
		{B759911D-A00F-4ED2-B101-A06F7429170B}.Debug|Any CPU.Build.0 = Debug|Any CPU
		{B759911D-A00F-4ED2-B101-A06F7429170B}.Release|Any CPU.ActiveCfg = Release|Any CPU
		{B759911D-A00F-4ED2-B101-A06F7429170B}.Release|Any CPU.Build.0 = Release|Any CPU
	EndGlobalSection
	GlobalSection(SolutionProperties) = preSolution
		HideSolutionNode = FALSE
	EndGlobalSection
EndGlobal
